- type: entity
  parent: AirlockSecurityGlass
  id: AirlockUSSPGlass
  suffix: USSP, Locked
  components:
  - type: ContainerFill
    containers:
      board: [ DoorElectronicsUSSP ]

- type: entity
  parent: AirlockSecurityGlass
  id: AirlockUSSPSecureGlass
  suffix: USSP Secure, Locked
  components:
  - type: ContainerFill
    containers:
      board: [ DoorElectronicsUSSPHigh ]

- type: entity
  parent: AirlockSecurityGlass
  id: AirlockUSSPCommandGlass
  suffix: USSP Command, Locked
  components:
  - type: ContainerFill
    containers:
      board: [ DoorElectronicsUSSPCommand ]

- type: entity
  parent: AirlockNfsdGlass
  id: AirlockTsfEngineeringGlass
  suffix: TSF Engineering, Locked
  components:
  - type: ContainerFill
    containers:
      board: [ DoorElectronicsTsfEngineer ]

- type: entity
  parent: AirlockSyndicateGlass
  id: AirlockViperGlass
  suffix: Вайперы, Закрыто # Exodus Viper localization
  components:
  - type: ContainerFill
    containers:
      board: [ DoorElectronicsViper ]

- type: entity
  parent: AirlockSyndicateGlass
  id: AirlockViperCommandGlass
  suffix: Командование Вайперов, Закрыто # Exodus Viper localization
  components:
  - type: ContainerFill
    containers:
      board: [ DoorElectronicsViperCommand ]

# Mieyo

- type: entity
  parent: AirlockGlass
  id: AirlockMieyoGlass
  suffix: ММС # Exodus MMC localization
  components:
  - type: Sprite
    sprite: _Mono/Structures/Doors/Airlocks/Glass/mieyo.rsi
  - type: PaintableAirlock
    department: MieyoManufacturingConcern
  - type: Wires
    layoutId: AirlockSecurity

- type: entity
  parent: AirlockMieyoGlass
  id: AirlockMieyoGlassLocked
  suffix: ММС, Закрыто # Exodus MMC localization
  components:
  - type: ContainerFill
    containers:
      board: [ DoorElectronicsMieyo ]

- type: entity
  parent: AirlockMieyoGlass
  id: AirlockMieyoGlassLockedSecurity
  suffix: Безопасность ММС, Закрыто # Exodus MMC localization
  components:
  - type: ContainerFill
    containers:
      board: [ DoorElectronicsMieyoSecurity ]

- type: entity
  parent: AirlockMieyoGlass
  id: AirlockMieyoGlassLockedLiason
  suffix: Руководство ММС, Закрыто # Exodus MMC localization
  components:
  - type: ContainerFill
    containers:
      board: [ DoorElectronicsMieyoLiason ]
